
Microsoft Visual Studio Solution File, Format Version 12.00
# Visual Studio 14
VisualStudioVersion = 14.0.25420.1
MinimumVisualStudioVersion = 10.0.40219.1
Project("{FAE04EC0-301F-11D3-BF4B-00C04F79EFBC}") = "Selenium1", "Selenium1\Selenium1.csproj", "{6BB2467C-9136-415D-8EED-71C1251F7531}"
EndProject
Project("{FAE04EC0-301F-11D3-BF4B-00C04F79EFBC}") = "Task2", "Task2\Task2.csproj", "{4FFB20BE-D7DB-4E16-9BE1-404359194085}"
EndProject
Project("{FAE04EC0-301F-11D3-BF4B-00C04F79EFBC}") = "Task7", "Task7\Task7.csproj", "{2951D6B9-F663-415C-9965-82262F28151C}"
EndProject
Project("{FAE04EC0-301F-11D3-BF4B-00C04F79EFBC}") = "Task8", "Task8\Task8.csproj", "{4A849811-E6BF-40BB-8360-E0D8A443A7F2}"
EndProject
Project("{FAE04EC0-301F-11D3-BF4B-00C04F79EFBC}") = "Task9", "Task9\Task9.csproj", "{C5A85F25-4D4B-4D51-9B11-8EADA9490A45}"
EndProject
Project("{FAE04EC0-301F-11D3-BF4B-00C04F79EFBC}") = "Task10", "Task10\Task10.csproj", "{F33ED6AF-AA33-4DB8-B1C0-C5177BB718CD}"
EndProject
Project("{FAE04EC0-301F-11D3-BF4B-00C04F79EFBC}") = "Task11", "Task11\Task11.csproj", "{32E8D815-ADA2-4FB0-8F6A-1D6AB4F5A077}"
EndProject
Project("{FAE04EC0-301F-11D3-BF4B-00C04F79EFBC}") = "Task12", "Task12\Task12.csproj", "{46E87073-05E2-4FF8-852D-FEE7427A8E78}"
EndProject
Project("{FAE04EC0-301F-11D3-BF4B-00C04F79EFBC}") = "Headless", "Headless\Headless.csproj", "{A2F60A66-DB6E-4B2B-AFB5-7D4B5C225D36}"
EndProject
Project("{FAE04EC0-301F-11D3-BF4B-00C04F79EFBC}") = "Task13", "Task13\Task13.csproj", "{0B34230F-EB49-4299-BC62-D2D4CEC653E2}"
EndProject
Project("{FAE04EC0-301F-11D3-BF4B-00C04F79EFBC}") = "Task14", "Task14\Task14.csproj", "{B0400547-40C3-48BE-90D1-B0EBE2CAAA8B}"
EndProject
Project("{FAE04EC0-301F-11D3-BF4B-00C04F79EFBC}") = "Task15", "Task15\Task15.csproj", "{DD2F61FD-BFCA-4727-9B3E-696EB1F1C8E3}"
EndProject
Global
	GlobalSection(SolutionConfigurationPlatforms) = preSolution
		Debug|Any CPU = Debug|Any CPU
		Release|Any CPU = Release|Any CPU
	EndGlobalSection
	GlobalSection(ProjectConfigurationPlatforms) = postSolution
		{6BB2467C-9136-415D-8EED-71C1251F7531}.Debug|Any CPU.ActiveCfg = Debug|Any CPU
		{6BB2467C-9136-415D-8EED-71C1251F7531}.Debug|Any CPU.Build.0 = Debug|Any CPU
		{6BB2467C-9136-415D-8EED-71C1251F7531}.Release|Any CPU.ActiveCfg = Release|Any CPU
		{6BB2467C-9136-415D-8EED-71C1251F7531}.Release|Any CPU.Build.0 = Release|Any CPU
		{4FFB20BE-D7DB-4E16-9BE1-404359194085}.Debug|Any CPU.ActiveCfg = Debug|Any CPU
		{4FFB20BE-D7DB-4E16-9BE1-404359194085}.Debug|Any CPU.Build.0 = Debug|Any CPU
		{4FFB20BE-D7DB-4E16-9BE1-404359194085}.Release|Any CPU.ActiveCfg = Release|Any CPU
		{4FFB20BE-D7DB-4E16-9BE1-404359194085}.Release|Any CPU.Build.0 = Release|Any CPU
		{2951D6B9-F663-415C-9965-82262F28151C}.Debug|Any CPU.ActiveCfg = Debug|Any CPU
		{2951D6B9-F663-415C-9965-82262F28151C}.Debug|Any CPU.Build.0 = Debug|Any CPU
		{2951D6B9-F663-415C-9965-82262F28151C}.Release|Any CPU.ActiveCfg = Release|Any CPU
		{2951D6B9-F663-415C-9965-82262F28151C}.Release|Any CPU.Build.0 = Release|Any CPU
		{4A849811-E6BF-40BB-8360-E0D8A443A7F2}.Debug|Any CPU.ActiveCfg = Debug|Any CPU
		{4A849811-E6BF-40BB-8360-E0D8A443A7F2}.Debug|Any CPU.Build.0 = Debug|Any CPU
		{4A849811-E6BF-40BB-8360-E0D8A443A7F2}.Release|Any CPU.ActiveCfg = Release|Any CPU
		{4A849811-E6BF-40BB-8360-E0D8A443A7F2}.Release|Any CPU.Build.0 = Release|Any CPU
		{C5A85F25-4D4B-4D51-9B11-8EADA9490A45}.Debug|Any CPU.ActiveCfg = Debug|Any CPU
		{C5A85F25-4D4B-4D51-9B11-8EADA9490A45}.Debug|Any CPU.Build.0 = Debug|Any CPU
		{C5A85F25-4D4B-4D51-9B11-8EADA9490A45}.Release|Any CPU.ActiveCfg = Release|Any CPU
		{C5A85F25-4D4B-4D51-9B11-8EADA9490A45}.Release|Any CPU.Build.0 = Release|Any CPU
		{F33ED6AF-AA33-4DB8-B1C0-C5177BB718CD}.Debug|Any CPU.ActiveCfg = Debug|Any CPU
		{F33ED6AF-AA33-4DB8-B1C0-C5177BB718CD}.Debug|Any CPU.Build.0 = Debug|Any CPU
		{F33ED6AF-AA33-4DB8-B1C0-C5177BB718CD}.Release|Any CPU.ActiveCfg = Release|Any CPU
		{F33ED6AF-AA33-4DB8-B1C0-C5177BB718CD}.Release|Any CPU.Build.0 = Release|Any CPU
		{32E8D815-ADA2-4FB0-8F6A-1D6AB4F5A077}.Debug|Any CPU.ActiveCfg = Debug|Any CPU
		{32E8D815-ADA2-4FB0-8F6A-1D6AB4F5A077}.Debug|Any CPU.Build.0 = Debug|Any CPU
		{32E8D815-ADA2-4FB0-8F6A-1D6AB4F5A077}.Release|Any CPU.ActiveCfg = Release|Any CPU
		{32E8D815-ADA2-4FB0-8F6A-1D6AB4F5A077}.Release|Any CPU.Build.0 = Release|Any CPU
		{46E87073-05E2-4FF8-852D-FEE7427A8E78}.Debug|Any CPU.ActiveCfg = Debug|Any CPU
		{46E87073-05E2-4FF8-852D-FEE7427A8E78}.Debug|Any CPU.Build.0 = Debug|Any CPU
		{46E87073-05E2-4FF8-852D-FEE7427A8E78}.Release|Any CPU.ActiveCfg = Release|Any CPU
		{46E87073-05E2-4FF8-852D-FEE7427A8E78}.Release|Any CPU.Build.0 = Release|Any CPU
		{A2F60A66-DB6E-4B2B-AFB5-7D4B5C225D36}.Debug|Any CPU.ActiveCfg = Debug|Any CPU
		{A2F60A66-DB6E-4B2B-AFB5-7D4B5C225D36}.Debug|Any CPU.Build.0 = Debug|Any CPU
		{A2F60A66-DB6E-4B2B-AFB5-7D4B5C225D36}.Release|Any CPU.ActiveCfg = Release|Any CPU
		{A2F60A66-DB6E-4B2B-AFB5-7D4B5C225D36}.Release|Any CPU.Build.0 = Release|Any CPU
		{0B34230F-EB49-4299-BC62-D2D4CEC653E2}.Debug|Any CPU.ActiveCfg = Debug|Any CPU
		{0B34230F-EB49-4299-BC62-D2D4CEC653E2}.Debug|Any CPU.Build.0 = Debug|Any CPU
		{0B34230F-EB49-4299-BC62-D2D4CEC653E2}.Release|Any CPU.ActiveCfg = Release|Any CPU
		{0B34230F-EB49-4299-BC62-D2D4CEC653E2}.Release|Any CPU.Build.0 = Release|Any CPU
		{B0400547-40C3-48BE-90D1-B0EBE2CAAA8B}.Debug|Any CPU.ActiveCfg = Debug|Any CPU
		{B0400547-40C3-48BE-90D1-B0EBE2CAAA8B}.Debug|Any CPU.Build.0 = Debug|Any CPU
		{B0400547-40C3-48BE-90D1-B0EBE2CAAA8B}.Release|Any CPU.ActiveCfg = Release|Any CPU
		{B0400547-40C3-48BE-90D1-B0EBE2CAAA8B}.Release|Any CPU.Build.0 = Release|Any CPU
		{DD2F61FD-BFCA-4727-9B3E-696EB1F1C8E3}.Debug|Any CPU.ActiveCfg = Debug|Any CPU
		{DD2F61FD-BFCA-4727-9B3E-696EB1F1C8E3}.Debug|Any CPU.Build.0 = Debug|Any CPU
		{DD2F61FD-BFCA-4727-9B3E-696EB1F1C8E3}.Release|Any CPU.ActiveCfg = Release|Any CPU
		{DD2F61FD-BFCA-4727-9B3E-696EB1F1C8E3}.Release|Any CPU.Build.0 = Release|Any CPU
	EndGlobalSection
	GlobalSection(SolutionProperties) = preSolution
		HideSolutionNode = FALSE
	EndGlobalSection
EndGlobal
